
Microsoft Visual Studio Solution File, Format Version 12.00
# Visual Studio 2013
VisualStudioVersion = 12.0.30501.0
MinimumVisualStudioVersion = 10.0.40219.1
Project("{FAE04EC0-301F-11D3-BF4B-00C04F79EFBC}") = "VectorAccelerator", "VectorAccelerator\VectorAccelerator.csproj", "{2BA4F945-3704-4C6D-8B1E-7482AB9DD9A8}"
EndProject
Project("{FAE04EC0-301F-11D3-BF4B-00C04F79EFBC}") = "VectorAccelerator.Tests", "VectorAccelerator.Tests\VectorAccelerator.Tests.csproj", "{857F0B20-D443-4CE0-88A0-A4F176E3BCDD}"
EndProject
Project("{FAE04EC0-301F-11D3-BF4B-00C04F79EFBC}") = "VectorAccelerator.Launcher", "VectorAccelerator.Launcher\VectorAccelerator.Launcher.csproj", "{BE3808F7-0EDB-41CB-8CE2-50947222431B}"
EndProject
Project("{FAE04EC0-301F-11D3-BF4B-00C04F79EFBC}") = "RiskEngine", "RiskEngine\RiskEngine.csproj", "{65AC1200-5CC9-4CDD-B42A-63E5A3519B36}"
EndProject
Project("{FAE04EC0-301F-11D3-BF4B-00C04F79EFBC}") = "RiskEngine.Tests", "RiskEngine.Tests\RiskEngine.Tests.csproj", "{C12A33ED-22DE-405F-8DEC-3B3EA9FE53B4}"
EndProject
Global
	GlobalSection(SolutionConfigurationPlatforms) = preSolution
		Debug|Any CPU = Debug|Any CPU
		Debug|Mixed Platforms = Debug|Mixed Platforms
		Debug|x64 = Debug|x64
		Release|Any CPU = Release|Any CPU
		Release|Mixed Platforms = Release|Mixed Platforms
		Release|x64 = Release|x64
	EndGlobalSection
	GlobalSection(ProjectConfigurationPlatforms) = postSolution
		{2BA4F945-3704-4C6D-8B1E-7482AB9DD9A8}.Debug|Any CPU.ActiveCfg = Debug|Any CPU
		{2BA4F945-3704-4C6D-8B1E-7482AB9DD9A8}.Debug|Any CPU.Build.0 = Debug|Any CPU
		{2BA4F945-3704-4C6D-8B1E-7482AB9DD9A8}.Debug|Mixed Platforms.ActiveCfg = Debug|Any CPU
		{2BA4F945-3704-4C6D-8B1E-7482AB9DD9A8}.Debug|Mixed Platforms.Build.0 = Debug|Any CPU
		{2BA4F945-3704-4C6D-8B1E-7482AB9DD9A8}.Debug|x64.ActiveCfg = Debug|x64
		{2BA4F945-3704-4C6D-8B1E-7482AB9DD9A8}.Debug|x64.Build.0 = Debug|x64
		{2BA4F945-3704-4C6D-8B1E-7482AB9DD9A8}.Release|Any CPU.ActiveCfg = Release|Any CPU
		{2BA4F945-3704-4C6D-8B1E-7482AB9DD9A8}.Release|Any CPU.Build.0 = Release|Any CPU
		{2BA4F945-3704-4C6D-8B1E-7482AB9DD9A8}.Release|Mixed Platforms.ActiveCfg = Release|Any CPU
		{2BA4F945-3704-4C6D-8B1E-7482AB9DD9A8}.Release|Mixed Platforms.Build.0 = Release|Any CPU
		{2BA4F945-3704-4C6D-8B1E-7482AB9DD9A8}.Release|x64.ActiveCfg = Release|x64
		{2BA4F945-3704-4C6D-8B1E-7482AB9DD9A8}.Release|x64.Build.0 = Release|x64
		{857F0B20-D443-4CE0-88A0-A4F176E3BCDD}.Debug|Any CPU.ActiveCfg = Debug|Any CPU
		{857F0B20-D443-4CE0-88A0-A4F176E3BCDD}.Debug|Any CPU.Build.0 = Debug|Any CPU
		{857F0B20-D443-4CE0-88A0-A4F176E3BCDD}.Debug|Mixed Platforms.ActiveCfg = Debug|Any CPU
		{857F0B20-D443-4CE0-88A0-A4F176E3BCDD}.Debug|Mixed Platforms.Build.0 = Debug|Any CPU
		{857F0B20-D443-4CE0-88A0-A4F176E3BCDD}.Debug|x64.ActiveCfg = Debug|x64
		{857F0B20-D443-4CE0-88A0-A4F176E3BCDD}.Debug|x64.Build.0 = Debug|x64
		{857F0B20-D443-4CE0-88A0-A4F176E3BCDD}.Release|Any CPU.ActiveCfg = Release|Any CPU
		{857F0B20-D443-4CE0-88A0-A4F176E3BCDD}.Release|Any CPU.Build.0 = Release|Any CPU
		{857F0B20-D443-4CE0-88A0-A4F176E3BCDD}.Release|Mixed Platforms.ActiveCfg = Release|Any CPU
		{857F0B20-D443-4CE0-88A0-A4F176E3BCDD}.Release|Mixed Platforms.Build.0 = Release|Any CPU
		{857F0B20-D443-4CE0-88A0-A4F176E3BCDD}.Release|x64.ActiveCfg = Release|x64
		{857F0B20-D443-4CE0-88A0-A4F176E3BCDD}.Release|x64.Build.0 = Release|x64
		{BE3808F7-0EDB-41CB-8CE2-50947222431B}.Debug|Any CPU.ActiveCfg = Debug|Any CPU
		{BE3808F7-0EDB-41CB-8CE2-50947222431B}.Debug|Any CPU.Build.0 = Debug|Any CPU
		{BE3808F7-0EDB-41CB-8CE2-50947222431B}.Debug|Mixed Platforms.ActiveCfg = Debug|Any CPU
		{BE3808F7-0EDB-41CB-8CE2-50947222431B}.Debug|Mixed Platforms.Build.0 = Debug|Any CPU
		{BE3808F7-0EDB-41CB-8CE2-50947222431B}.Debug|x64.ActiveCfg = Debug|x64
		{BE3808F7-0EDB-41CB-8CE2-50947222431B}.Debug|x64.Build.0 = Debug|x64
		{BE3808F7-0EDB-41CB-8CE2-50947222431B}.Release|Any CPU.ActiveCfg = Release|Any CPU
		{BE3808F7-0EDB-41CB-8CE2-50947222431B}.Release|Any CPU.Build.0 = Release|Any CPU
		{BE3808F7-0EDB-41CB-8CE2-50947222431B}.Release|Mixed Platforms.ActiveCfg = Release|Any CPU
		{BE3808F7-0EDB-41CB-8CE2-50947222431B}.Release|Mixed Platforms.Build.0 = Release|Any CPU
		{BE3808F7-0EDB-41CB-8CE2-50947222431B}.Release|x64.ActiveCfg = Release|x64
		{BE3808F7-0EDB-41CB-8CE2-50947222431B}.Release|x64.Build.0 = Release|x64
		{65AC1200-5CC9-4CDD-B42A-63E5A3519B36}.Debug|Any CPU.ActiveCfg = Debug|Any CPU
		{65AC1200-5CC9-4CDD-B42A-63E5A3519B36}.Debug|Any CPU.Build.0 = Debug|Any CPU
		{65AC1200-5CC9-4CDD-B42A-63E5A3519B36}.Debug|Mixed Platforms.ActiveCfg = Debug|Any CPU
		{65AC1200-5CC9-4CDD-B42A-63E5A3519B36}.Debug|Mixed Platforms.Build.0 = Debug|Any CPU
		{65AC1200-5CC9-4CDD-B42A-63E5A3519B36}.Debug|x64.ActiveCfg = Debug|Any CPU
		{65AC1200-5CC9-4CDD-B42A-63E5A3519B36}.Debug|x64.Build.0 = Debug|Any CPU
		{65AC1200-5CC9-4CDD-B42A-63E5A3519B36}.Release|Any CPU.ActiveCfg = Release|Any CPU
		{65AC1200-5CC9-4CDD-B42A-63E5A3519B36}.Release|Any CPU.Build.0 = Release|Any CPU
		{65AC1200-5CC9-4CDD-B42A-63E5A3519B36}.Release|Mixed Platforms.ActiveCfg = Release|Any CPU
		{65AC1200-5CC9-4CDD-B42A-63E5A3519B36}.Release|Mixed Platforms.Build.0 = Release|Any CPU
		{65AC1200-5CC9-4CDD-B42A-63E5A3519B36}.Release|x64.ActiveCfg = Release|Any CPU
		{C12A33ED-22DE-405F-8DEC-3B3EA9FE53B4}.Debug|Any CPU.ActiveCfg = Debug|Any CPU
		{C12A33ED-22DE-405F-8DEC-3B3EA9FE53B4}.Debug|Any CPU.Build.0 = Debug|Any CPU
		{C12A33ED-22DE-405F-8DEC-3B3EA9FE53B4}.Debug|Mixed Platforms.ActiveCfg = Debug|Any CPU
		{C12A33ED-22DE-405F-8DEC-3B3EA9FE53B4}.Debug|Mixed Platforms.Build.0 = Debug|Any CPU
		{C12A33ED-22DE-405F-8DEC-3B3EA9FE53B4}.Debug|x64.ActiveCfg = Debug|Any CPU
		{C12A33ED-22DE-405F-8DEC-3B3EA9FE53B4}.Debug|x64.Build.0 = Debug|Any CPU
		{C12A33ED-22DE-405F-8DEC-3B3EA9FE53B4}.Release|Any CPU.ActiveCfg = Release|Any CPU
		{C12A33ED-22DE-405F-8DEC-3B3EA9FE53B4}.Release|Any CPU.Build.0 = Release|Any CPU
		{C12A33ED-22DE-405F-8DEC-3B3EA9FE53B4}.Release|Mixed Platforms.ActiveCfg = Release|Any CPU
		{C12A33ED-22DE-405F-8DEC-3B3EA9FE53B4}.Release|Mixed Platforms.Build.0 = Release|Any CPU
		{C12A33ED-22DE-405F-8DEC-3B3EA9FE53B4}.Release|x64.ActiveCfg = Release|Any CPU
	EndGlobalSection
	GlobalSection(SolutionProperties) = preSolution
		HideSolutionNode = FALSE
	EndGlobalSection
EndGlobal
